
Microsoft Visual Studio Solution File, Format Version 12.00
# Visual Studio 15
VisualStudioVersion = 15.0.27428.2037
MinimumVisualStudioVersion = 10.0.40219.1
Project("{FAE04EC0-301F-11D3-BF4B-00C04F79EFBC}") = "Task-Manager", "Task-Manager.csproj", "{A54033D8-F01B-4E06-AFFF-55356E46C8DD}"
EndProject
Global
	GlobalSection(SolutionConfigurationPlatforms) = preSolution
		Debug|Any CPU = Debug|Any CPU
		Release|Any CPU = Release|Any CPU
	EndGlobalSection
	GlobalSection(ProjectConfigurationPlatforms) = postSolution
		{A54033D8-F01B-4E06-AFFF-55356E46C8DD}.Debug|Any CPU.ActiveCfg = Debug|Any CPU
		{A54033D8-F01B-4E06-AFFF-55356E46C8DD}.Debug|Any CPU.Build.0 = Debug|Any CPU
		{A54033D8-F01B-4E06-AFFF-55356E46C8DD}.Release|Any CPU.ActiveCfg = Release|Any CPU
		{A54033D8-F01B-4E06-AFFF-55356E46C8DD}.Release|Any CPU.Build.0 = Release|Any CPU
	EndGlobalSection
	GlobalSection(SolutionProperties) = preSolution
		HideSolutionNode = FALSE
	EndGlobalSection
	GlobalSection(ExtensibilityGlobals) = postSolution
		SolutionGuid = {F9ECDD30-202C-4601-9651-69B3052EDA1D}
	EndGlobalSection
EndGlobal
